<?xml version="1.0" encoding="utf-8"?>
<Project xmlns="http://schemas.microsoft.com/developer/msbuild/2003">
  <ItemGroup>
    <Filter Include="Generated Files">
      <UniqueIdentifier>{71ED8ED8-ACB9-4CE9-BBE1-E00B30144E11}</UniqueIdentifier>
      <Extensions>cpp;c;cxx;moc;h;def;odl;idl;res;</Extensions>
    </Filter>
    <Filter Include="Generated Files">
      <UniqueIdentifier>{71ED8ED8-ACB9-4CE9-BBE1-E00B30144E11}</UniqueIdentifier>
      <Extensions>cpp;c;cxx;moc;h;def;odl;idl;res;</Extensions>
    </Filter>
    <Filter Include="Header Files">
      <UniqueIdentifier>{93995380-89BD-4b04-88EB-625FBE52EBFB}</UniqueIdentifier>
      <Extensions>h;hpp;hxx;hm;inl;inc;xsd</Extensions>
    </Filter>
    <Filter Include="Source Files">
      <UniqueIdentifier>{4FC737F1-C7A5-4376-A066-2A32D752A2FF}</UniqueIdentifier>
      <Extensions>cpp;c;cxx;def;odl;idl;hpj;bat;asm;asmx</Extensions>
    </Filter>
    <Filter Include="Source Files">
      <UniqueIdentifier>{4FC737F1-C7A5-4376-A066-2A32D752A2FF}</UniqueIdentifier>
      <Extensions>cpp;c;cxx;def;odl;idl;hpj;bat;asm;asmx</Extensions>
    </Filter>
    <Filter Include="Source Files\Utilities">
      <UniqueIdentifier>{29725677-3f2f-4baa-be26-18cff8cf6560}</UniqueIdentifier>
    </Filter>
    <Filter Include="Source Files\Image">
      <UniqueIdentifier>{dccc67f3-b9ef-4791-af39-6807070ca72c}</UniqueIdentifier>
    </Filter>
    <Filter Include="Source Files\App">
      <UniqueIdentifier>{9ada2893-4548-415f-a3e0-c4163474ed0b}</UniqueIdentifier>
    </Filter>
    <Filter Include="Source Files\Widget">
      <UniqueIdentifier>{da4d53ff-31b4-47be-a307-3367d51df983}</UniqueIdentifier>
    </Filter>
    <Filter Include="Source Files\Widget\Viewport">
      <UniqueIdentifier>{bc5a2f6a-e8fe-4697-8a2f-d7afa2effd05}</UniqueIdentifier>
    </Filter>
    <Filter Include="Source Files\Widget\Folder">
      <UniqueIdentifier>{66c05db2-b113-4919-9c50-c893b8ec642b}</UniqueIdentifier>
    </Filter>
    <Filter Include="Source Files\Widget\Selector">
      <UniqueIdentifier>{ba14eb80-df5a-4465-9b0f-d000edbeed81}</UniqueIdentifier>
    </Filter>
    <Filter Include="Source Files\Widget\CheckBox">
      <UniqueIdentifier>{5b6d83bb-4579-4c87-8757-3ffa30076a75}</UniqueIdentifier>
    </Filter>
  </ItemGroup>
  <ItemGroup>
    <ClCompile Include="main.cpp">
      <Filter>Source Files</Filter>
    </ClCompile>
    <ClCompile Include="Utilities.cpp">
      <Filter>Source Files\Utilities</Filter>
    </ClCompile>
    <ClCompile Include="ImageLoader.cpp">
      <Filter>Source Files\Image</Filter>
    </ClCompile>
    <ClCompile Include="PhotoSelector.cpp">
      <Filter>Source Files\App</Filter>
    </ClCompile>
    <ClCompile Include="Folder.cpp">
      <Filter>Source Files\Widget\Folder</Filter>
    </ClCompile>
    <ClCompile Include="Viewport.cpp">
      <Filter>Source Files\Widget\Viewport</Filter>
    </ClCompile>
    <ClCompile Include="Selector.cpp">
      <Filter>Source Files\Widget\Selector</Filter>
    </ClCompile>
    <ClCompile Include="LoadDirectory.cpp">
      <Filter>Source Files\Widget\Folder</Filter>
    </ClCompile>
    <ClCompile Include="ImageCheckBox.cpp">
      <Filter>Source Files\Widget\CheckBox</Filter>
    </ClCompile>
  </ItemGroup>
  <ItemGroup>
    <QtMoc Include="PhotoSelector.h">
      <Filter>Source Files\App</Filter>
    </QtMoc>
    <QtMoc Include="ImageLoader.h">
      <Filter>Source Files\Image</Filter>
    </QtMoc>
    <QtMoc Include="Viewport.h">
      <Filter>Source Files\Widget\Viewport</Filter>
    </QtMoc>
    <QtMoc Include="ImageCheckBox.h">
      <Filter>Source Files\Widget\CheckBox</Filter>
    </QtMoc>
  </ItemGroup>
  <ItemGroup>
    <CustomBuild Include="debug\moc_predefs.h.cbt">
      <Filter>Generated Files</Filter>
    </CustomBuild>
    <CustomBuild Include="release\moc_predefs.h.cbt">
      <Filter>Generated Files</Filter>
    </CustomBuild>
  </ItemGroup>
  <ItemGroup>
    <ClInclude Include="QDefinitions.h">
      <Filter>Source Files</Filter>
    </ClInclude>
    <ClInclude Include="Utilities.h">
      <Filter>Source Files\Utilities</Filter>
    </ClInclude>
    <ClInclude Include="Folder.h">
      <Filter>Source Files\Widget\Folder</Filter>
    </ClInclude>
    <ClInclude Include="Selector.h">
      <Filter>Source Files\Widget\Selector</Filter>
    </ClInclude>
    <ClInclude Include="LoadDirectory.h">
      <Filter>Source Files\Widget\Folder</Filter>
    </ClInclude>
    <ClInclude Include="Service.h">
      <Filter>Source Files\Utilities</Filter>
    </ClInclude>
  </ItemGroup>
</Project>